PODS:
  - ReactiveCocoa (10.3.0):
    - ReactiveSwift (~> 6.2)
  - ReactiveSwift (6.7.0)

DEPENDENCIES:
  - ReactiveCocoa (~> 10.1)
  - ReactiveSwift (~> 6.1)

SPEC REPOS:
  trunk:
    - ReactiveCocoa
    - ReactiveSwift

SPEC CHECKSUMS:
  ReactiveCocoa: 083ae559e6f588ce519cab412ea119b431c26a24
  ReactiveSwift: 208201d6ecc9734196d147aa76bc1f24b1b821fe

PODFILE CHECKSUM: 9d398e053ead7941daf9f312246c4d78ce047240

COCOAPODS: 1.11.3
